
Microsoft Visual Studio Solution File, Format Version 12.00
# Visual Studio 14
VisualStudioVersion = 14.0.23107.0
MinimumVisualStudioVersion = 10.0.40219.1
Project("{FAE04EC0-301F-11D3-BF4B-00C04F79EFBC}") = "iDai360.Scheduler.Core", "iDai360.Scheduler.Core\iDai360.Scheduler.Core.csproj", "{2C9E93DA-8EC5-41DD-AA97-92DEB4C19ED7}"
EndProject
Project("{FAE04EC0-301F-11D3-BF4B-00C04F79EFBC}") = "iDai360.Scheduler.Service", "iDai360.Scheduler.Service\iDai360.Scheduler.Service.csproj", "{48E64537-D55C-4787-9438-AB7BE643F62A}"
EndProject
Project("{FAE04EC0-301F-11D3-BF4B-00C04F79EFBC}") = "iDai360.Scheduler.Task", "iDai360.Scheduler.Task\iDai360.Scheduler.Task.csproj", "{88E7A98B-6626-4A58-ADB1-38600F5D47F1}"
EndProject
Project("{FAE04EC0-301F-11D3-BF4B-00C04F79EFBC}") = "iDai360.Scheduler.Test", "iDai360.Scheduler.Test\iDai360.Scheduler.Test.csproj", "{99C9D3B9-FC70-4EC7-AB0D-03F9FF2BD9AE}"
EndProject
Global
	GlobalSection(SolutionConfigurationPlatforms) = preSolution
		Debug|Any CPU = Debug|Any CPU
		Release|Any CPU = Release|Any CPU
	EndGlobalSection
	GlobalSection(ProjectConfigurationPlatforms) = postSolution
		{2C9E93DA-8EC5-41DD-AA97-92DEB4C19ED7}.Debug|Any CPU.ActiveCfg = Debug|Any CPU
		{2C9E93DA-8EC5-41DD-AA97-92DEB4C19ED7}.Debug|Any CPU.Build.0 = Debug|Any CPU
		{2C9E93DA-8EC5-41DD-AA97-92DEB4C19ED7}.Release|Any CPU.ActiveCfg = Release|Any CPU
		{2C9E93DA-8EC5-41DD-AA97-92DEB4C19ED7}.Release|Any CPU.Build.0 = Release|Any CPU
		{48E64537-D55C-4787-9438-AB7BE643F62A}.Debug|Any CPU.ActiveCfg = Debug|Any CPU
		{48E64537-D55C-4787-9438-AB7BE643F62A}.Debug|Any CPU.Build.0 = Debug|Any CPU
		{48E64537-D55C-4787-9438-AB7BE643F62A}.Release|Any CPU.ActiveCfg = Release|Any CPU
		{48E64537-D55C-4787-9438-AB7BE643F62A}.Release|Any CPU.Build.0 = Release|Any CPU
		{88E7A98B-6626-4A58-ADB1-38600F5D47F1}.Debug|Any CPU.ActiveCfg = Debug|Any CPU
		{88E7A98B-6626-4A58-ADB1-38600F5D47F1}.Debug|Any CPU.Build.0 = Debug|Any CPU
		{88E7A98B-6626-4A58-ADB1-38600F5D47F1}.Release|Any CPU.ActiveCfg = Release|Any CPU
		{88E7A98B-6626-4A58-ADB1-38600F5D47F1}.Release|Any CPU.Build.0 = Release|Any CPU
		{99C9D3B9-FC70-4EC7-AB0D-03F9FF2BD9AE}.Debug|Any CPU.ActiveCfg = Debug|Any CPU
		{99C9D3B9-FC70-4EC7-AB0D-03F9FF2BD9AE}.Debug|Any CPU.Build.0 = Debug|Any CPU
		{99C9D3B9-FC70-4EC7-AB0D-03F9FF2BD9AE}.Release|Any CPU.ActiveCfg = Release|Any CPU
		{99C9D3B9-FC70-4EC7-AB0D-03F9FF2BD9AE}.Release|Any CPU.Build.0 = Release|Any CPU
	EndGlobalSection
	GlobalSection(SolutionProperties) = preSolution
		HideSolutionNode = FALSE
	EndGlobalSection
	GlobalSection(TeamFoundationVersionControl) = preSolution
		SccNumberOfProjects = 5
		SccEnterpriseProvider = {4CA58AB2-18FA-4F8D-95D4-32DDF27D184C}
		SccTeamFoundationServer = http://192.168.0.251:8080/tfs/defaultcollection
		SccLocalPath0 = .
		SccProjectUniqueName1 = iDai360.Scheduler.Core\\iDai360.Scheduler.Core.csproj
		SccProjectName1 = iDai360.Scheduler.Core
		SccLocalPath1 = iDai360.Scheduler.Core
		SccProjectUniqueName2 = iDai360.Scheduler.Service\\iDai360.Scheduler.Service.csproj
		SccProjectName2 = iDai360.Scheduler.Service
		SccLocalPath2 = iDai360.Scheduler.Service
		SccProjectUniqueName3 = iDai360.Scheduler.Task\\iDai360.Scheduler.Task.csproj
		SccProjectName3 = iDai360.Scheduler.Task
		SccLocalPath3 = iDai360.Scheduler.Task
		SccProjectUniqueName4 = iDai360.Scheduler.Test\\iDai360.Scheduler.Test.csproj
		SccProjectName4 = iDai360.Scheduler.Test
		SccLocalPath4 = iDai360.Scheduler.Test
	EndGlobalSection
	GlobalSection(TestCaseManagementSettings) = postSolution
		CategoryFile = AkazoNobel.Scheduler.vsmdi
	EndGlobalSection
EndGlobal
